// !$*UTF8*$!
{
	archiveVersion = 1;
	classes = {
	};
	objectVersion = 56;
	objects = {

/* Begin PBXBuildFile section */
		5836803529925FD40098A3A6 /* SplashView.swift in Sources */ = {isa = PBXBuildFile; fileRef = 5836803429925FD40098A3A6 /* SplashView.swift */; };
		588C91EF29923B650086719F /* TestView.swift in Sources */ = {isa = PBXBuildFile; fileRef = 588C91EE29923B650086719F /* TestView.swift */; };
		58E3EBC52991EFBD00BEF02D /* HackathonprojectApp.swift in Sources */ = {isa = PBXBuildFile; fileRef = 58E3EBC42991EFBD00BEF02D /* HackathonprojectApp.swift */; };
		58E3EBC72991EFBD00BEF02D /* ContentView.swift in Sources */ = {isa = PBXBuildFile; fileRef = 58E3EBC62991EFBD00BEF02D /* ContentView.swift */; };
		58E3EBC92991EFBE00BEF02D /* Assets.xcassets in Resources */ = {isa = PBXBuildFile; fileRef = 58E3EBC82991EFBE00BEF02D /* Assets.xcassets */; };
		58E3EBCC2991EFBE00BEF02D /* Preview Assets.xcassets in Resources */ = {isa = PBXBuildFile; fileRef = 58E3EBCB2991EFBE00BEF02D /* Preview Assets.xcassets */; };
		58E3EBD32991FCFE00BEF02D /* WritingView.swift in Sources */ = {isa = PBXBuildFile; fileRef = 58E3EBD22991FCFE00BEF02D /* WritingView.swift */; };
/* End PBXBuildFile section */

/* Begin PBXFileReference section */
		5836803429925FD40098A3A6 /* SplashView.swift */ = {isa = PBXFileReference; lastKnownFileType = sourcecode.swift; path = SplashView.swift; sourceTree = "<group>"; };
		588C91EE29923B650086719F /* TestView.swift */ = {isa = PBXFileReference; lastKnownFileType = sourcecode.swift; path = TestView.swift; sourceTree = "<group>"; };
		58E3EBC12991EFBD00BEF02D /* Hackathonproject.app */ = {isa = PBXFileReference; explicitFileType = wrapper.application; includeInIndex = 0; path = Hackathonproject.app; sourceTree = BUILT_PRODUCTS_DIR; };
		58E3EBC42991EFBD00BEF02D /* HackathonprojectApp.swift */ = {isa = PBXFileReference; lastKnownFileType = sourcecode.swift; path = HackathonprojectApp.swift; sourceTree = "<group>"; };
		58E3EBC62991EFBD00BEF02D /* ContentView.swift */ = {isa = PBXFileReference; lastKnownFileType = sourcecode.swift; path = ContentView.swift; sourceTree = "<group>"; };
		58E3EBC82991EFBE00BEF02D /* Assets.xcassets */ = {isa = PBXFileReference; lastKnownFileType = folder.assetcatalog; path = Assets.xcassets; sourceTree = "<group>"; };
		58E3EBCB2991EFBE00BEF02D /* Preview Assets.xcassets */ = {isa = PBXFileReference; lastKnownFileType = folder.assetcatalog; path = "Preview Assets.xcassets"; sourceTree = "<group>"; };
		58E3EBD22991FCFE00BEF02D /* WritingView.swift */ = {isa = PBXFileReference; lastKnownFileType = sourcecode.swift; path = WritingView.swift; sourceTree = "<group>"; };
/* End PBXFileReference section */

/* Begin PBXFrameworksBuildPhase section */
		58E3EBBE2991EFBD00BEF02D /* Frameworks */ = {
			isa = PBXFrameworksBuildPhase;
			buildActionMask = 2147483647;
			files = (
			);
			runOnlyForDeploymentPostprocessing = 0;
		};
/* End PBXFrameworksBuildPhase section */

/* Begin PBXGroup section */
		58E3EBB82991EFBD00BEF02D = {
			isa = PBXGroup;
			children = (
				58E3EBC32991EFBD00BEF02D /* Hackathonproject */,
				58E3EBC22991EFBD00BEF02D /* Products */,
			);
			sourceTree = "<group>";
		};
		58E3EBC22991EFBD00BEF02D /* Products */ = {
			isa = PBXGroup;
			children = (
				58E3EBC12991EFBD00BEF02D /* Hackathonproject.app */,
			);
			name = Products;
			sourceTree = "<group>";
		};
		58E3EBC32991EFBD00BEF02D /* Hackathonproject */ = {
			isa = PBXGroup;
			children = (
				58E3EBC42991EFBD00BEF02D /* HackathonprojectApp.swift */,
				58E3EBC62991EFBD00BEF02D /* ContentView.swift */,
				58E3EBD22991FCFE00BEF02D /* WritingView.swift */,
				5836803429925FD40098A3A6 /* SplashView.swift */,
				588C91EE29923B650086719F /* TestView.swift */,
				58E3EBC82991EFBE00BEF02D /* Assets.xcassets */,
				58E3EBCA2991EFBE00BEF02D /* Preview Content */,
			);
			path = Hackathonproject;
			sourceTree = "<group>";
		};
		58E3EBCA2991EFBE00BEF02D /* Preview Content */ = {
			isa = PBXGroup;
			children = (
				58E3EBCB2991EFBE00BEF02D /* Preview Assets.xcassets */,
			);
			path = "Preview Content";
			sourceTree = "<group>";
		};
/* End PBXGroup section */

/* Begin PBXNativeTarget section */
		58E3EBC02991EFBD00BEF02D /* Hackathonproject */ = {
			isa = PBXNativeTarget;
			buildConfigurationList = 58E3EBCF2991EFBE00BEF02D /* Build configuration list for PBXNativeTarget "Hackathonproject" */;
			buildPhases = (
				58E3EBBD2991EFBD00BEF02D /* Sources */,
				58E3EBBE2991EFBD00BEF02D /* Frameworks */,
				58E3EBBF2991EFBD00BEF02D /* Resources */,
			);
			buildRules = (
			);
			dependencies = (
			);
			name = Hackathonproject;
			productName = Hackathonproject;
			productReference = 58E3EBC12991EFBD00BEF02D /* Hackathonproject.app */;
			productType = "com.apple.product-type.application";
		};
/* End PBXNativeTarget section */

/* Begin PBXProject section */
		58E3EBB92991EFBD00BEF02D /* Project object */ = {
			isa = PBXProject;
			attributes = {
				BuildIndependentTargetsInParallel = 1;
				LastSwiftUpdateCheck = 1420;
				LastUpgradeCheck = 1420;
				TargetAttributes = {
					58E3EBC02991EFBD00BEF02D = {
						CreatedOnToolsVersion = 14.2;
					};
				};
			};
			buildConfigurationList = 58E3EBBC2991EFBD00BEF02D /* Build configuration list for PBXProject "Hackathonproject" */;
			compatibilityVersion = "Xcode 14.0";
			developmentRegion = en;
			hasScannedForEncodings = 0;
			knownRegions = (
				en,
				Base,
			);
			mainGroup = 58E3EBB82991EFBD00BEF02D;
			productRefGroup = 58E3EBC22991EFBD00BEF02D /* Products */;
			projectDirPath = "";
			projectRoot = "";
			targets = (
				58E3EBC02991EFBD00BEF02D /* Hackathonproject */,
			);
		};
/* End PBXProject section */

/* Begin PBXResourcesBuildPhase section */
		58E3EBBF2991EFBD00BEF02D /* Resources */ = {
			isa = PBXResourcesBuildPhase;
			buildActionMask = 2147483647;
			files = (
				58E3EBCC2991EFBE00BEF02D /* Preview Assets.xcassets in Resources */,
				58E3EBC92991EFBE00BEF02D /* Assets.xcassets in Resources */,
			);
			runOnlyForDeploymentPostprocessing = 0;
		};
/* End PBXResourcesBuildPhase section */

/* Begin PBXSourcesBuildPhase section */
		58E3EBBD2991EFBD00BEF02D /* Sources */ = {
			isa = PBXSourcesBuildPhase;
			buildActionMask = 2147483647;
			files = (
				588C91EF29923B650086719F /* TestView.swift in Sources */,
				58E3EBC72991EFBD00BEF02D /* ContentView.swift in Sources */,
				5836803529925FD40098A3A6 /* SplashView.swift in Sources */,
				58E3EBC52991EFBD00BEF02D /* HackathonprojectApp.swift in Sources */,
				58E3EBD32991FCFE00BEF02D /* WritingView.swift in Sources */,
			);
			runOnlyForDeploymentPostprocessing = 0;
		};
/* End PBXSourcesBuildPhase section */

/* Begin XCBuildConfiguration section */
		58E3EBCD2991EFBE00BEF02D /* Debug */ = {
			isa = XCBuildConfiguration;
			buildSettings = {
				ALWAYS_SEARCH_USER_PATHS = NO;
				CLANG_ANALYZER_NONNULL = YES;
				CLANG_ANALYZER_NUMBER_OBJECT_CONVERSION = YES_AGGRESSIVE;
				CLANG_CXX_LANGUAGE_STANDARD = "gnu++20";
				CLANG_ENABLE_MODULES = YES;
				CLANG_ENABLE_OBJC_ARC = YES;
				CLANG_ENABLE_OBJC_WEAK = YES;
				CLANG_WARN_BLOCK_CAPTURE_AUTORELEASING = YES;
				CLANG_WARN_BOOL_CONVERSION = YES;
				CLANG_WARN_COMMA = YES;
				CLANG_WARN_CONSTANT_CONVERSION = YES;
				CLANG_WARN_DEPRECATED_OBJC_IMPLEMENTATIONS = YES;
				CLANG_WARN_DIRECT_OBJC_ISA_USAGE = YES_ERROR;
				CLANG_WARN_DOCUMENTATION_COMMENTS = YES;
				CLANG_WARN_EMPTY_BODY = YES;
				CLANG_WARN_ENUM_CONVERSION = YES;
				CLANG_WARN_INFINITE_RECURSION = YES;
				CLANG_WARN_INT_CONVERSION = YES;
				CLANG_WARN_NON_LITERAL_NULL_CONVERSION = YES;
				CLANG_WARN_OBJC_IMPLICIT_RETAIN_SELF = YES;
				CLANG_WARN_OBJC_LITERAL_CONVERSION = YES;
				CLANG_WARN_OBJC_ROOT_CLASS = YES_ERROR;
				CLANG_WARN_QUOTED_INCLUDE_IN_FRAMEWORK_HEADER = YES;
				CLANG_WARN_RANGE_LOOP_ANALYSIS = YES;
				CLANG_WARN_STRICT_PROTOTYPES = YES;
				CLANG_WARN_SUSPICIOUS_MOVE = YES;
				CLANG_WARN_UNGUARDED_AVAILABILITY = YES_AGGRESSIVE;
				CLANG_WARN_UNREACHABLE_CODE = YES;
				CLANG_WARN__DUPLICATE_METHOD_MATCH = YES;
				COPY_PHASE_STRIP = NO;
				DEBUG_INFORMATION_FORMAT = dwarf;
				ENABLE_STRICT_OBJC_MSGSEND = YES;
				ENABLE_TESTABILITY = YES;
				GCC_C_LANGUAGE_STANDARD = gnu11;
				GCC_DYNAMIC_NO_PIC = NO;
				GCC_NO_COMMON_BLOCKS = YES;
				GCC_OPTIMIZATION_LEVEL = 0;
				GCC_PREPROCESSOR_DEFINITIONS = (
					"DEBUG=1",
					"$(inherited)",
				);
				GCC_WARN_64_TO_32_BIT_CONVERSION = YES;
				GCC_WARN_ABOUT_RETURN_TYPE = YES_ERROR;
				GCC_WARN_UNDECLARED_SELECTOR = YES;
				GCC_WARN_UNINITIALIZED_AUTOS = YES_AGGRESSIVE;
				GCC_WARN_UNUSED_FUNCTION = YES;
				GCC_WARN_UNUSED_VARIABLE = YES;
				IPHONEOS_DEPLOYMENT_TARGET = 16.2;
				MTL_ENABLE_DEBUG_INFO = INCLUDE_SOURCE;
				MTL_FAST_MATH = YES;
				ONLY_ACTIVE_ARCH = YES;
				SDKROOT = iphoneos;
				SWIFT_ACTIVE_COMPILATION_CONDITIONS = DEBUG;
				SWIFT_OPTIMIZATION_LEVEL = "-Onone";
			};
			name = Debug;
		};
		58E3EBCE2991EFBE00BEF02D /* Release */ = {
			isa = XCBuildConfiguration;
			buildSettings = {
				ALWAYS_SEARCH_USER_PATHS = NO;
				CLANG_ANALYZER_NONNULL = YES;
				CLANG_ANALYZER_NUMBER_OBJECT_CONVERSION = YES_AGGRESSIVE;
				CLANG_CXX_LANGUAGE_STANDARD = "gnu++20";
				CLANG_ENABLE_MODULES = YES;
				CLANG_ENABLE_OBJC_ARC = YES;
				CLANG_ENABLE_OBJC_WEAK = YES;
				CLANG_WARN_BLOCK_CAPTURE_AUTORELEASING = YES;
				CLANG_WARN_BOOL_CONVERSION = YES;
				CLANG_WARN_COMMA = YES;
				CLANG_WARN_CONSTANT_CONVERSION = YES;
				CLANG_WARN_DEPRECATED_OBJC_IMPLEMENTATIONS = YES;
				CLANG_WARN_DIRECT_OBJC_ISA_USAGE = YES_ERROR;
				CLANG_WARN_DOCUMENTATION_COMMENTS = YES;
				CLANG_WARN_EMPTY_BODY = YES;
				CLANG_WARN_ENUM_CONVERSION = YES;
				CLANG_WARN_INFINITE_RECURSION = YES;
				CLANG_WARN_INT_CONVERSION = YES;
				CLANG_WARN_NON_LITERAL_NULL_CONVERSION = YES;
				CLANG_WARN_OBJC_IMPLICIT_RETAIN_SELF = YES;
				CLANG_WARN_OBJC_LITERAL_CONVERSION = YES;
				CLANG_WARN_OBJC_ROOT_CLASS = YES_ERROR;
				CLANG_WARN_QUOTED_INCLUDE_IN_FRAMEWORK_HEADER = YES;
				CLANG_WARN_RANGE_LOOP_ANALYSIS = YES;
				CLANG_WARN_STRICT_PROTOTYPES = YES;
				CLANG_WARN_SUSPICIOUS_MOVE = YES;
				CLANG_WARN_UNGUARDED_AVAILABILITY = YES_AGGRESSIVE;
				CLANG_WARN_UNREACHABLE_CODE = YES;
				CLANG_WARN__DUPLICATE_METHOD_MATCH = YES;
				COPY_PHASE_STRIP = NO;
				DEBUG_INFORMATION_FORMAT = "dwarf-with-dsym";
				ENABLE_NS_ASSERTIONS = NO;
				ENABLE_STRICT_OBJC_MSGSEND = YES;
				GCC_C_LANGUAGE_STANDARD = gnu11;
				GCC_NO_COMMON_BLOCKS = YES;
				GCC_WARN_64_TO_32_BIT_CONVERSION = YES;
				GCC_WARN_ABOUT_RETURN_TYPE = YES_ERROR;
				GCC_WARN_UNDECLARED_SELECTOR = YES;
				GCC_WARN_UNINITIALIZED_AUTOS = YES_AGGRESSIVE;
				GCC_WARN_UNUSED_FUNCTION = YES;
				GCC_WARN_UNUSED_VARIABLE = YES;
				IPHONEOS_DEPLOYMENT_TARGET = 16.2;
				MTL_ENABLE_DEBUG_INFO = NO;
				MTL_FAST_MATH = YES;
				SDKROOT = iphoneos;
				SWIFT_COMPILATION_MODE = wholemodule;
				SWIFT_OPTIMIZATION_LEVEL = "-O";
				VALIDATE_PRODUCT = YES;
			};
			name = Release;
		};
		58E3EBD02991EFBE00BEF02D /* Debug */ = {
			isa = XCBuildConfiguration;
			buildSettings = {
				ASSETCATALOG_COMPILER_APPICON_NAME = AppIcon;
				ASSETCATALOG_COMPILER_GLOBAL_ACCENT_COLOR_NAME = AccentColor;
				CODE_SIGN_STYLE = Automatic;
				CURRENT_PROJECT_VERSION = 1;
				DEVELOPMENT_ASSET_PATHS = "\"Hackathonproject/Preview Content\"";
				DEVELOPMENT_TEAM = 8RGKJ6S53F;
				ENABLE_PREVIEWS = YES;
				GENERATE_INFOPLIST_FILE = YES;
				INFOPLIST_KEY_UIApplicationSceneManifest_Generation = YES;
				INFOPLIST_KEY_UIApplicationSupportsIndirectInputEvents = YES;
				INFOPLIST_KEY_UILaunchScreen_Generation = YES;
				INFOPLIST_KEY_UILaunchStoryboardName = "ㅇ";
				INFOPLIST_KEY_UISupportedInterfaceOrientations_iPad = "UIInterfaceOrientationPortrait UIInterfaceOrientationPortraitUpsideDown UIInterfaceOrientationLandscapeLeft UIInterfaceOrientationLandscapeRight";
				INFOPLIST_KEY_UISupportedInterfaceOrientations_iPhone = "UIInterfaceOrientationPortrait UIInterfaceOrientationLandscapeLeft UIInterfaceOrientationLandscapeRight";
				IPHONEOS_DEPLOYMENT_TARGET = 16.0;
				LD_RUNPATH_SEARCH_PATHS = (
					"$(inherited)",
					"@executable_path/Frameworks",
				);
				MARKETING_VERSION = 1.0;
				PRODUCT_BUNDLE_IDENTIFIER = kr.hs.dgsw.Hackathonproject;
				PRODUCT_NAME = "$(TARGET_NAME)";
				SWIFT_EMIT_LOC_STRINGS = YES;
				SWIFT_VERSION = 5.0;
				TARGETED_DEVICE_FAMILY = "1,2";
			};
			name = Debug;
		};
		58E3EBD12991EFBE00BEF02D /* Release */ = {
			isa = XCBuildConfiguration;
			buildSettings = {
				ASSETCATALOG_COMPILER_APPICON_NAME = AppIcon;
				ASSETCATALOG_COMPILER_GLOBAL_ACCENT_COLOR_NAME = AccentColor;
				CODE_SIGN_STYLE = Automatic;
				CURRENT_PROJECT_VERSION = 1;
				DEVELOPMENT_ASSET_PATHS = "\"Hackathonproject/Preview Content\"";
				DEVELOPMENT_TEAM = 8RGKJ6S53F;
				ENABLE_PREVIEWS = YES;
				GENERATE_INFOPLIST_FILE = YES;
				INFOPLIST_KEY_UIApplicationSceneManifest_Generation = YES;
				INFOPLIST_KEY_UIApplicationSupportsIndirectInputEvents = YES;
				INFOPLIST_KEY_UILaunchScreen_Generation = YES;
				INFOPLIST_KEY_UILaunchStoryboardName = "ㅇ";
				INFOPLIST_KEY_UISupportedInterfaceOrientations_iPad = "UIInterfaceOrientationPortrait UIInterfaceOrientationPortraitUpsideDown UIInterfaceOrientationLandscapeLeft UIInterfaceOrientationLandscapeRight";
				INFOPLIST_KEY_UISupportedInterfaceOrientations_iPhone = "UIInterfaceOrientationPortrait UIInterfaceOrientationLandscapeLeft UIInterfaceOrientationLandscapeRight";
				IPHONEOS_DEPLOYMENT_TARGET = 16.0;
				LD_RUNPATH_SEARCH_PATHS = (
					"$(inherited)",
					"@executable_path/Frameworks",
				);
				MARKETING_VERSION = 1.0;
				PRODUCT_BUNDLE_IDENTIFIER = kr.hs.dgsw.Hackathonproject;
				PRODUCT_NAME = "$(TARGET_NAME)";
				SWIFT_EMIT_LOC_STRINGS = YES;
				SWIFT_VERSION = 5.0;
				TARGETED_DEVICE_FAMILY = "1,2";
			};
			name = Release;
		};
/* End XCBuildConfiguration section */

/* Begin XCConfigurationList section */
		58E3EBBC2991EFBD00BEF02D /* Build configuration list for PBXProject "Hackathonproject" */ = {
			isa = XCConfigurationList;
			buildConfigurations = (
				58E3EBCD2991EFBE00BEF02D /* Debug */,
				58E3EBCE2991EFBE00BEF02D /* Release */,
			);
			defaultConfigurationIsVisible = 0;
			defaultConfigurationName = Release;
		};
		58E3EBCF2991EFBE00BEF02D /* Build configuration list for PBXNativeTarget "Hackathonproject" */ = {
			isa = XCConfigurationList;
			buildConfigurations = (
				58E3EBD02991EFBE00BEF02D /* Debug */,
				58E3EBD12991EFBE00BEF02D /* Release */,
			);
			defaultConfigurationIsVisible = 0;
			defaultConfigurationName = Release;
		};
/* End XCConfigurationList section */
	};
	rootObject = 58E3EBB92991EFBD00BEF02D /* Project object */;
}
